// !$*UTF8*$!
{
	archiveVersion = 1;
	classes = {
	};
	objectVersion = 55;
	objects = {

/* Begin PBXBuildFile section */
		721D04E526FABB850001DA4C /* ProductTestApp.swift in Sources */ = {isa = PBXBuildFile; fileRef = 721D04E426FABB850001DA4C /* ProductTestApp.swift */; };
		721D04E726FABB850001DA4C /* ContentView.swift in Sources */ = {isa = PBXBuildFile; fileRef = 721D04E626FABB850001DA4C /* ContentView.swift */; };
		721D04E926FABB870001DA4C /* Assets.xcassets in Resources */ = {isa = PBXBuildFile; fileRef = 721D04E826FABB870001DA4C /* Assets.xcassets */; };
		721D04EC26FABB870001DA4C /* Preview Assets.xcassets in Resources */ = {isa = PBXBuildFile; fileRef = 721D04EB26FABB870001DA4C /* Preview Assets.xcassets */; };
		721D051926FB1DD80001DA4C /* ProductsModel.swift in Sources */ = {isa = PBXBuildFile; fileRef = 721D051826FB1DD80001DA4C /* ProductsModel.swift */; };
		725C312D27014F840078B9F0 /* AddIngredientView.swift in Sources */ = {isa = PBXBuildFile; fileRef = 725C312C27014F840078B9F0 /* AddIngredientView.swift */; };
		72DE625C26FC43290039EB0A /* SearchProductsView.swift in Sources */ = {isa = PBXBuildFile; fileRef = 72DE625B26FC43290039EB0A /* SearchProductsView.swift */; };
		72DE625E26FC45F90039EB0A /* RecipeModel.swift in Sources */ = {isa = PBXBuildFile; fileRef = 72DE625D26FC45F90039EB0A /* RecipeModel.swift */; };
		72DE626026FC479B0039EB0A /* AddRecipeView.swift in Sources */ = {isa = PBXBuildFile; fileRef = 72DE625F26FC479B0039EB0A /* AddRecipeView.swift */; };
		72DE626226FC48A60039EB0A /* RecipesView.swift in Sources */ = {isa = PBXBuildFile; fileRef = 72DE626126FC48A60039EB0A /* RecipesView.swift */; };
/* End PBXBuildFile section */

/* Begin PBXFileReference section */
		721D04E126FABB850001DA4C /* ProductTest.app */ = {isa = PBXFileReference; explicitFileType = wrapper.application; includeInIndex = 0; path = ProductTest.app; sourceTree = BUILT_PRODUCTS_DIR; };
		721D04E426FABB850001DA4C /* ProductTestApp.swift */ = {isa = PBXFileReference; lastKnownFileType = sourcecode.swift; path = ProductTestApp.swift; sourceTree = "<group>"; };
		721D04E626FABB850001DA4C /* ContentView.swift */ = {isa = PBXFileReference; lastKnownFileType = sourcecode.swift; path = ContentView.swift; sourceTree = "<group>"; };
		721D04E826FABB870001DA4C /* Assets.xcassets */ = {isa = PBXFileReference; lastKnownFileType = folder.assetcatalog; path = Assets.xcassets; sourceTree = "<group>"; };
		721D04EB26FABB870001DA4C /* Preview Assets.xcassets */ = {isa = PBXFileReference; lastKnownFileType = folder.assetcatalog; path = "Preview Assets.xcassets"; sourceTree = "<group>"; };
		721D051826FB1DD80001DA4C /* ProductsModel.swift */ = {isa = PBXFileReference; lastKnownFileType = sourcecode.swift; path = ProductsModel.swift; sourceTree = "<group>"; };
		725C312C27014F840078B9F0 /* AddIngredientView.swift */ = {isa = PBXFileReference; lastKnownFileType = sourcecode.swift; path = AddIngredientView.swift; sourceTree = "<group>"; };
		72DE625B26FC43290039EB0A /* SearchProductsView.swift */ = {isa = PBXFileReference; lastKnownFileType = sourcecode.swift; path = SearchProductsView.swift; sourceTree = "<group>"; };
		72DE625D26FC45F90039EB0A /* RecipeModel.swift */ = {isa = PBXFileReference; lastKnownFileType = sourcecode.swift; path = RecipeModel.swift; sourceTree = "<group>"; };
		72DE625F26FC479B0039EB0A /* AddRecipeView.swift */ = {isa = PBXFileReference; lastKnownFileType = sourcecode.swift; path = AddRecipeView.swift; sourceTree = "<group>"; usesTabs = 0; };
		72DE626126FC48A60039EB0A /* RecipesView.swift */ = {isa = PBXFileReference; lastKnownFileType = sourcecode.swift; path = RecipesView.swift; sourceTree = "<group>"; };
/* End PBXFileReference section */

/* Begin PBXFrameworksBuildPhase section */
		721D04DE26FABB850001DA4C /* Frameworks */ = {
			isa = PBXFrameworksBuildPhase;
			buildActionMask = 2147483647;
			files = (
			);
			runOnlyForDeploymentPostprocessing = 0;
		};
/* End PBXFrameworksBuildPhase section */

/* Begin PBXGroup section */
		721D04D826FABB850001DA4C = {
			isa = PBXGroup;
			children = (
				721D04E326FABB850001DA4C /* ProductTest */,
				721D04E226FABB850001DA4C /* Products */,
			);
			sourceTree = "<group>";
		};
		721D04E226FABB850001DA4C /* Products */ = {
			isa = PBXGroup;
			children = (
				721D04E126FABB850001DA4C /* ProductTest.app */,
			);
			name = Products;
			sourceTree = "<group>";
		};
		721D04E326FABB850001DA4C /* ProductTest */ = {
			isa = PBXGroup;
			children = (
				721D04E426FABB850001DA4C /* ProductTestApp.swift */,
				72DE625A26FC42FD0039EB0A /* Views */,
				721D04E826FABB870001DA4C /* Assets.xcassets */,
				721D04EA26FABB870001DA4C /* Preview Content */,
				72DE625926FC42F40039EB0A /* Models */,
			);
			path = ProductTest;
			sourceTree = "<group>";
		};
		721D04EA26FABB870001DA4C /* Preview Content */ = {
			isa = PBXGroup;
			children = (
				721D04EB26FABB870001DA4C /* Preview Assets.xcassets */,
			);
			path = "Preview Content";
			sourceTree = "<group>";
		};
		72DE625926FC42F40039EB0A /* Models */ = {
			isa = PBXGroup;
			children = (
				721D051826FB1DD80001DA4C /* ProductsModel.swift */,
				72DE625D26FC45F90039EB0A /* RecipeModel.swift */,
			);
			path = Models;
			sourceTree = "<group>";
		};
		72DE625A26FC42FD0039EB0A /* Views */ = {
			isa = PBXGroup;
			children = (
				721D04E626FABB850001DA4C /* ContentView.swift */,
				72DE625B26FC43290039EB0A /* SearchProductsView.swift */,
				72DE625F26FC479B0039EB0A /* AddRecipeView.swift */,
				72DE626126FC48A60039EB0A /* RecipesView.swift */,
				725C312C27014F840078B9F0 /* AddIngredientView.swift */,
			);
			path = Views;
			sourceTree = "<group>";
		};
/* End PBXGroup section */

/* Begin PBXNativeTarget section */
		721D04E026FABB850001DA4C /* ProductTest */ = {
			isa = PBXNativeTarget;
			buildConfigurationList = 721D04EF26FABB870001DA4C /* Build configuration list for PBXNativeTarget "ProductTest" */;
			buildPhases = (
				721D04DD26FABB850001DA4C /* Sources */,
				721D04DE26FABB850001DA4C /* Frameworks */,
				721D04DF26FABB850001DA4C /* Resources */,
			);
			buildRules = (
			);
			dependencies = (
			);
			name = ProductTest;
			productName = ProductTest;
			productReference = 721D04E126FABB850001DA4C /* ProductTest.app */;
			productType = "com.apple.product-type.application";
		};
/* End PBXNativeTarget section */

/* Begin PBXProject section */
		721D04D926FABB850001DA4C /* Project object */ = {
			isa = PBXProject;
			attributes = {
				BuildIndependentTargetsInParallel = 1;
				LastSwiftUpdateCheck = 1300;
				LastUpgradeCheck = 1300;
				TargetAttributes = {
					721D04E026FABB850001DA4C = {
						CreatedOnToolsVersion = 13.0;
					};
				};
			};
			buildConfigurationList = 721D04DC26FABB850001DA4C /* Build configuration list for PBXProject "ProductTest" */;
			compatibilityVersion = "Xcode 13.0";
			developmentRegion = en;
			hasScannedForEncodings = 0;
			knownRegions = (
				en,
				Base,
			);
			mainGroup = 721D04D826FABB850001DA4C;
			productRefGroup = 721D04E226FABB850001DA4C /* Products */;
			projectDirPath = "";
			projectRoot = "";
			targets = (
				721D04E026FABB850001DA4C /* ProductTest */,
			);
		};
/* End PBXProject section */

/* Begin PBXResourcesBuildPhase section */
		721D04DF26FABB850001DA4C /* Resources */ = {
			isa = PBXResourcesBuildPhase;
			buildActionMask = 2147483647;
			files = (
				721D04EC26FABB870001DA4C /* Preview Assets.xcassets in Resources */,
				721D04E926FABB870001DA4C /* Assets.xcassets in Resources */,
			);
			runOnlyForDeploymentPostprocessing = 0;
		};
/* End PBXResourcesBuildPhase section */

/* Begin PBXSourcesBuildPhase section */
		721D04DD26FABB850001DA4C /* Sources */ = {
			isa = PBXSourcesBuildPhase;
			buildActionMask = 2147483647;
			files = (
				72DE625C26FC43290039EB0A /* SearchProductsView.swift in Sources */,
				721D051926FB1DD80001DA4C /* ProductsModel.swift in Sources */,
				72DE626026FC479B0039EB0A /* AddRecipeView.swift in Sources */,
				72DE625E26FC45F90039EB0A /* RecipeModel.swift in Sources */,
				721D04E726FABB850001DA4C /* ContentView.swift in Sources */,
				721D04E526FABB850001DA4C /* ProductTestApp.swift in Sources */,
				72DE626226FC48A60039EB0A /* RecipesView.swift in Sources */,
				725C312D27014F840078B9F0 /* AddIngredientView.swift in Sources */,
			);
			runOnlyForDeploymentPostprocessing = 0;
		};
/* End PBXSourcesBuildPhase section */

/* Begin XCBuildConfiguration section */
		721D04ED26FABB870001DA4C /* Debug */ = {
			isa = XCBuildConfiguration;
			buildSettings = {
				ALWAYS_SEARCH_USER_PATHS = NO;
				CLANG_ANALYZER_NONNULL = YES;
				CLANG_ANALYZER_NUMBER_OBJECT_CONVERSION = YES_AGGRESSIVE;
				CLANG_CXX_LANGUAGE_STANDARD = "gnu++17";
				CLANG_CXX_LIBRARY = "libc++";
				CLANG_ENABLE_MODULES = YES;
				CLANG_ENABLE_OBJC_ARC = YES;
				CLANG_ENABLE_OBJC_WEAK = YES;
				CLANG_WARN_BLOCK_CAPTURE_AUTORELEASING = YES;
				CLANG_WARN_BOOL_CONVERSION = YES;
				CLANG_WARN_COMMA = YES;
				CLANG_WARN_CONSTANT_CONVERSION = YES;
				CLANG_WARN_DEPRECATED_OBJC_IMPLEMENTATIONS = YES;
				CLANG_WARN_DIRECT_OBJC_ISA_USAGE = YES_ERROR;
				CLANG_WARN_DOCUMENTATION_COMMENTS = YES;
				CLANG_WARN_EMPTY_BODY = YES;
				CLANG_WARN_ENUM_CONVERSION = YES;
				CLANG_WARN_INFINITE_RECURSION = YES;
				CLANG_WARN_INT_CONVERSION = YES;
				CLANG_WARN_NON_LITERAL_NULL_CONVERSION = YES;
				CLANG_WARN_OBJC_IMPLICIT_RETAIN_SELF = YES;
				CLANG_WARN_OBJC_LITERAL_CONVERSION = YES;
				CLANG_WARN_OBJC_ROOT_CLASS = YES_ERROR;
				CLANG_WARN_QUOTED_INCLUDE_IN_FRAMEWORK_HEADER = YES;
				CLANG_WARN_RANGE_LOOP_ANALYSIS = YES;
				CLANG_WARN_STRICT_PROTOTYPES = YES;
				CLANG_WARN_SUSPICIOUS_MOVE = YES;
				CLANG_WARN_UNGUARDED_AVAILABILITY = YES_AGGRESSIVE;
				CLANG_WARN_UNREACHABLE_CODE = YES;
				CLANG_WARN__DUPLICATE_METHOD_MATCH = YES;
				COPY_PHASE_STRIP = NO;
				DEBUG_INFORMATION_FORMAT = dwarf;
				ENABLE_STRICT_OBJC_MSGSEND = YES;
				ENABLE_TESTABILITY = YES;
				GCC_C_LANGUAGE_STANDARD = gnu11;
				GCC_DYNAMIC_NO_PIC = NO;
				GCC_NO_COMMON_BLOCKS = YES;
				GCC_OPTIMIZATION_LEVEL = 0;
				GCC_PREPROCESSOR_DEFINITIONS = (
					"DEBUG=1",
					"$(inherited)",
				);
				GCC_WARN_64_TO_32_BIT_CONVERSION = YES;
				GCC_WARN_ABOUT_RETURN_TYPE = YES_ERROR;
				GCC_WARN_UNDECLARED_SELECTOR = YES;
				GCC_WARN_UNINITIALIZED_AUTOS = YES_AGGRESSIVE;
				GCC_WARN_UNUSED_FUNCTION = YES;
				GCC_WARN_UNUSED_VARIABLE = YES;
				IPHONEOS_DEPLOYMENT_TARGET = 15.0;
				MTL_ENABLE_DEBUG_INFO = INCLUDE_SOURCE;
				MTL_FAST_MATH = YES;
				ONLY_ACTIVE_ARCH = YES;
				SDKROOT = iphoneos;
				SWIFT_ACTIVE_COMPILATION_CONDITIONS = DEBUG;
				SWIFT_OPTIMIZATION_LEVEL = "-Onone";
			};
			name = Debug;
		};
		721D04EE26FABB870001DA4C /* Release */ = {
			isa = XCBuildConfiguration;
			buildSettings = {
				ALWAYS_SEARCH_USER_PATHS = NO;
				CLANG_ANALYZER_NONNULL = YES;
				CLANG_ANALYZER_NUMBER_OBJECT_CONVERSION = YES_AGGRESSIVE;
				CLANG_CXX_LANGUAGE_STANDARD = "gnu++17";
				CLANG_CXX_LIBRARY = "libc++";
				CLANG_ENABLE_MODULES = YES;
				CLANG_ENABLE_OBJC_ARC = YES;
				CLANG_ENABLE_OBJC_WEAK = YES;
				CLANG_WARN_BLOCK_CAPTURE_AUTORELEASING = YES;
				CLANG_WARN_BOOL_CONVERSION = YES;
				CLANG_WARN_COMMA = YES;
				CLANG_WARN_CONSTANT_CONVERSION = YES;
				CLANG_WARN_DEPRECATED_OBJC_IMPLEMENTATIONS = YES;
				CLANG_WARN_DIRECT_OBJC_ISA_USAGE = YES_ERROR;
				CLANG_WARN_DOCUMENTATION_COMMENTS = YES;
				CLANG_WARN_EMPTY_BODY = YES;
				CLANG_WARN_ENUM_CONVERSION = YES;
				CLANG_WARN_INFINITE_RECURSION = YES;
				CLANG_WARN_INT_CONVERSION = YES;
				CLANG_WARN_NON_LITERAL_NULL_CONVERSION = YES;
				CLANG_WARN_OBJC_IMPLICIT_RETAIN_SELF = YES;
				CLANG_WARN_OBJC_LITERAL_CONVERSION = YES;
				CLANG_WARN_OBJC_ROOT_CLASS = YES_ERROR;
				CLANG_WARN_QUOTED_INCLUDE_IN_FRAMEWORK_HEADER = YES;
				CLANG_WARN_RANGE_LOOP_ANALYSIS = YES;
				CLANG_WARN_STRICT_PROTOTYPES = YES;
				CLANG_WARN_SUSPICIOUS_MOVE = YES;
				CLANG_WARN_UNGUARDED_AVAILABILITY = YES_AGGRESSIVE;
				CLANG_WARN_UNREACHABLE_CODE = YES;
				CLANG_WARN__DUPLICATE_METHOD_MATCH = YES;
				COPY_PHASE_STRIP = NO;
				DEBUG_INFORMATION_FORMAT = "dwarf-with-dsym";
				ENABLE_NS_ASSERTIONS = NO;
				ENABLE_STRICT_OBJC_MSGSEND = YES;
				GCC_C_LANGUAGE_STANDARD = gnu11;
				GCC_NO_COMMON_BLOCKS = YES;
				GCC_WARN_64_TO_32_BIT_CONVERSION = YES;
				GCC_WARN_ABOUT_RETURN_TYPE = YES_ERROR;
				GCC_WARN_UNDECLARED_SELECTOR = YES;
				GCC_WARN_UNINITIALIZED_AUTOS = YES_AGGRESSIVE;
				GCC_WARN_UNUSED_FUNCTION = YES;
				GCC_WARN_UNUSED_VARIABLE = YES;
				IPHONEOS_DEPLOYMENT_TARGET = 15.0;
				MTL_ENABLE_DEBUG_INFO = NO;
				MTL_FAST_MATH = YES;
				ONLY_ACTIVE_ARCH = YES;
				SDKROOT = iphoneos;
				SWIFT_COMPILATION_MODE = wholemodule;
				SWIFT_OPTIMIZATION_LEVEL = "-O";
				VALIDATE_PRODUCT = YES;
			};
			name = Release;
		};
		721D04F026FABB870001DA4C /* Debug */ = {
			isa = XCBuildConfiguration;
			buildSettings = {
				ASSETCATALOG_COMPILER_APPICON_NAME = AppIcon;
				ASSETCATALOG_COMPILER_GLOBAL_ACCENT_COLOR_NAME = AccentColor;
				CODE_SIGN_STYLE = Automatic;
				CURRENT_PROJECT_VERSION = 1;
				DEVELOPMENT_ASSET_PATHS = "\"ProductTest/Preview Content\"";
				ENABLE_PREVIEWS = YES;
				GENERATE_INFOPLIST_FILE = YES;
				INFOPLIST_KEY_UIApplicationSceneManifest_Generation = YES;
				INFOPLIST_KEY_UIApplicationSupportsIndirectInputEvents = YES;
				INFOPLIST_KEY_UILaunchScreen_Generation = YES;
				INFOPLIST_KEY_UISupportedInterfaceOrientations_iPad = "UIInterfaceOrientationPortrait UIInterfaceOrientationPortraitUpsideDown UIInterfaceOrientationLandscapeLeft UIInterfaceOrientationLandscapeRight";
				INFOPLIST_KEY_UISupportedInterfaceOrientations_iPhone = "UIInterfaceOrientationPortrait UIInterfaceOrientationLandscapeLeft UIInterfaceOrientationLandscapeRight";
				IPHONEOS_DEPLOYMENT_TARGET = 15.0;
				LD_RUNPATH_SEARCH_PATHS = (
					"$(inherited)",
					"@executable_path/Frameworks",
				);
				MARKETING_VERSION = 1.0;
				PRODUCT_BUNDLE_IDENTIFIER = com.tcopland.ProductTest;
				PRODUCT_NAME = "$(TARGET_NAME)";
				SWIFT_EMIT_LOC_STRINGS = YES;
				SWIFT_VERSION = 5.0;
				TARGETED_DEVICE_FAMILY = "1,2";
			};
			name = Debug;
		};
		721D04F126FABB870001DA4C /* Release */ = {
			isa = XCBuildConfiguration;
			buildSettings = {
				ASSETCATALOG_COMPILER_APPICON_NAME = AppIcon;
				ASSETCATALOG_COMPILER_GLOBAL_ACCENT_COLOR_NAME = AccentColor;
				CODE_SIGN_STYLE = Automatic;
				CURRENT_PROJECT_VERSION = 1;
				DEVELOPMENT_ASSET_PATHS = "\"ProductTest/Preview Content\"";
				ENABLE_PREVIEWS = YES;
				GENERATE_INFOPLIST_FILE = YES;
				INFOPLIST_KEY_UIApplicationSceneManifest_Generation = YES;
				INFOPLIST_KEY_UIApplicationSupportsIndirectInputEvents = YES;
				INFOPLIST_KEY_UILaunchScreen_Generation = YES;
				INFOPLIST_KEY_UISupportedInterfaceOrientations_iPad = "UIInterfaceOrientationPortrait UIInterfaceOrientationPortraitUpsideDown UIInterfaceOrientationLandscapeLeft UIInterfaceOrientationLandscapeRight";
				INFOPLIST_KEY_UISupportedInterfaceOrientations_iPhone = "UIInterfaceOrientationPortrait UIInterfaceOrientationLandscapeLeft UIInterfaceOrientationLandscapeRight";
				IPHONEOS_DEPLOYMENT_TARGET = 15.0;
				LD_RUNPATH_SEARCH_PATHS = (
					"$(inherited)",
					"@executable_path/Frameworks",
				);
				MARKETING_VERSION = 1.0;
				PRODUCT_BUNDLE_IDENTIFIER = com.tcopland.ProductTest;
				PRODUCT_NAME = "$(TARGET_NAME)";
				SWIFT_EMIT_LOC_STRINGS = YES;
				SWIFT_VERSION = 5.0;
				TARGETED_DEVICE_FAMILY = "1,2";
			};
			name = Release;
		};
/* End XCBuildConfiguration section */

/* Begin XCConfigurationList section */
		721D04DC26FABB850001DA4C /* Build configuration list for PBXProject "ProductTest" */ = {
			isa = XCConfigurationList;
			buildConfigurations = (
				721D04ED26FABB870001DA4C /* Debug */,
				721D04EE26FABB870001DA4C /* Release */,
			);
			defaultConfigurationIsVisible = 0;
			defaultConfigurationName = Release;
		};
		721D04EF26FABB870001DA4C /* Build configuration list for PBXNativeTarget "ProductTest" */ = {
			isa = XCConfigurationList;
			buildConfigurations = (
				721D04F026FABB870001DA4C /* Debug */,
				721D04F126FABB870001DA4C /* Release */,
			);
			defaultConfigurationIsVisible = 0;
			defaultConfigurationName = Release;
		};
/* End XCConfigurationList section */
	};
	rootObject = 721D04D926FABB850001DA4C /* Project object */;
}
